
Microsoft Visual Studio Solution File, Format Version 12.00
# Visual Studio Version 17
VisualStudioVersion = 17.6.33723.286
MinimumVisualStudioVersion = 10.0.40219.1
Project("{FAE04EC0-301F-11D3-BF4B-00C04F79EFBC}") = "UT5E5_Veronica", "UT5E5_Veronica\UT5E5_Veronica.csproj", "{61C55B9D-1C1B-41CC-8A88-C0F98AB668CC}"
EndProject
Global
	GlobalSection(SolutionConfigurationPlatforms) = preSolution
		Debug|Any CPU = Debug|Any CPU
		Release|Any CPU = Release|Any CPU
	EndGlobalSection
	GlobalSection(ProjectConfigurationPlatforms) = postSolution
		{61C55B9D-1C1B-41CC-8A88-C0F98AB668CC}.Debug|Any CPU.ActiveCfg = Debug|Any CPU
		{61C55B9D-1C1B-41CC-8A88-C0F98AB668CC}.Debug|Any CPU.Build.0 = Debug|Any CPU
		{61C55B9D-1C1B-41CC-8A88-C0F98AB668CC}.Release|Any CPU.ActiveCfg = Release|Any CPU
		{61C55B9D-1C1B-41CC-8A88-C0F98AB668CC}.Release|Any CPU.Build.0 = Release|Any CPU
	EndGlobalSection
	GlobalSection(SolutionProperties) = preSolution
		HideSolutionNode = FALSE
	EndGlobalSection
	GlobalSection(ExtensibilityGlobals) = postSolution
		SolutionGuid = {3C5BE2C3-03EE-485A-B33E-66A6B8EBDEC7}
	EndGlobalSection
EndGlobal
