
Microsoft Visual Studio Solution File, Format Version 12.00
# Visual Studio Version 17
VisualStudioVersion = 17.5.33502.453
MinimumVisualStudioVersion = 10.0.40219.1
Project("{FAE04EC0-301F-11D3-BF4B-00C04F79EFBC}") = "UT2E3_Veronica", "UT2E3_Veronica\UT2E3_Veronica.csproj", "{4695A2ED-12EC-42A2-8E06-8885BBB16FB5}"
EndProject
Global
	GlobalSection(SolutionConfigurationPlatforms) = preSolution
		Debug|Any CPU = Debug|Any CPU
		Release|Any CPU = Release|Any CPU
	EndGlobalSection
	GlobalSection(ProjectConfigurationPlatforms) = postSolution
		{4695A2ED-12EC-42A2-8E06-8885BBB16FB5}.Debug|Any CPU.ActiveCfg = Debug|Any CPU
		{4695A2ED-12EC-42A2-8E06-8885BBB16FB5}.Debug|Any CPU.Build.0 = Debug|Any CPU
		{4695A2ED-12EC-42A2-8E06-8885BBB16FB5}.Release|Any CPU.ActiveCfg = Release|Any CPU
		{4695A2ED-12EC-42A2-8E06-8885BBB16FB5}.Release|Any CPU.Build.0 = Release|Any CPU
	EndGlobalSection
	GlobalSection(SolutionProperties) = preSolution
		HideSolutionNode = FALSE
	EndGlobalSection
	GlobalSection(ExtensibilityGlobals) = postSolution
		SolutionGuid = {E1C2CF00-6671-4081-B6AC-B6B36354B026}
	EndGlobalSection
EndGlobal
