
Microsoft Visual Studio Solution File, Format Version 12.00
# Visual Studio Version 17
VisualStudioVersion = 17.4.33213.308
MinimumVisualStudioVersion = 10.0.40219.1
Project("{FAE04EC0-301F-11D3-BF4B-00C04F79EFBC}") = "UT5E02_VeronicaAlvarez", "UT5E02_VeronicaAlvarez\UT5E02_VeronicaAlvarez.csproj", "{92504D24-3AAC-4A52-9E4A-D51364B9745E}"
EndProject
Global
	GlobalSection(SolutionConfigurationPlatforms) = preSolution
		Debug|Any CPU = Debug|Any CPU
		Release|Any CPU = Release|Any CPU
	EndGlobalSection
	GlobalSection(ProjectConfigurationPlatforms) = postSolution
		{92504D24-3AAC-4A52-9E4A-D51364B9745E}.Debug|Any CPU.ActiveCfg = Debug|Any CPU
		{92504D24-3AAC-4A52-9E4A-D51364B9745E}.Debug|Any CPU.Build.0 = Debug|Any CPU
		{92504D24-3AAC-4A52-9E4A-D51364B9745E}.Release|Any CPU.ActiveCfg = Release|Any CPU
		{92504D24-3AAC-4A52-9E4A-D51364B9745E}.Release|Any CPU.Build.0 = Release|Any CPU
	EndGlobalSection
	GlobalSection(SolutionProperties) = preSolution
		HideSolutionNode = FALSE
	EndGlobalSection
	GlobalSection(ExtensibilityGlobals) = postSolution
		SolutionGuid = {D9E18EBD-C33D-40D5-ABAD-2BE79BC536D2}
	EndGlobalSection
EndGlobal
